
Microsoft Visual Studio Solution File, Format Version 12.00
# Visual Studio Version 16
VisualStudioVersion = 16.0.29728.190
MinimumVisualStudioVersion = 10.0.40219.1
Project("{FAE04EC0-301F-11D3-BF4B-00C04F79EFBC}") = "MatchGame", "MatchGame.csproj", "{2A064CE2-803B-41BB-8CC9-F1FB1F1030CF}"
EndProject
Global
	GlobalSection(SolutionConfigurationPlatforms) = preSolution
		Debug|Any CPU = Debug|Any CPU
		Release|Any CPU = Release|Any CPU
	EndGlobalSection
	GlobalSection(ProjectConfigurationPlatforms) = postSolution
		{2A064CE2-803B-41BB-8CC9-F1FB1F1030CF}.Debug|Any CPU.ActiveCfg = Debug|Any CPU
		{2A064CE2-803B-41BB-8CC9-F1FB1F1030CF}.Debug|Any CPU.Build.0 = Debug|Any CPU
		{2A064CE2-803B-41BB-8CC9-F1FB1F1030CF}.Release|Any CPU.ActiveCfg = Release|Any CPU
		{2A064CE2-803B-41BB-8CC9-F1FB1F1030CF}.Release|Any CPU.Build.0 = Release|Any CPU
	EndGlobalSection
	GlobalSection(SolutionProperties) = preSolution
		HideSolutionNode = FALSE
	EndGlobalSection
	GlobalSection(ExtensibilityGlobals) = postSolution
		SolutionGuid = {C559148F-7CBF-4F24-9087-202F81F5DEFA}
	EndGlobalSection
EndGlobal
